
Microsoft Visual Studio Solution File, Format Version 12.00
# Visual Studio Version 17
VisualStudioVersion = 17.7.34018.315
MinimumVisualStudioVersion = 10.0.40219.1
Project("{2150E333-8FDC-42A3-9474-1A3956D46DE8}") = "src", "src", "{93197E6F-3665-479D-B35F-717BA02004CC}"
EndProject
Project("{2150E333-8FDC-42A3-9474-1A3956D46DE8}") = "Core", "Core", "{A08ACD2D-6EE4-4E29-8946-DBC65F5EAD23}"
EndProject
Project("{9A19103F-16F7-4668-BE54-9A1E7A4F7556}") = "Application", "Application\Application.csproj", "{40A46E2B-205A-408B-BEB5-45D18B6B28DC}"
EndProject
Project("{9A19103F-16F7-4668-BE54-9A1E7A4F7556}") = "Domain", "Domain\Domain.csproj", "{876141D0-D211-46A0-9A95-13E8B60EB741}"
EndProject
Project("{2150E333-8FDC-42A3-9474-1A3956D46DE8}") = "Api", "Api", "{0C3D9540-34F4-490E-856C-B1FE48BD1588}"
EndProject
Project("{9A19103F-16F7-4668-BE54-9A1E7A4F7556}") = "WebApi", "WebApi\WebApi.csproj", "{91AAE3FB-2CCB-405C-8D95-FD83267D4D38}"
EndProject
Project("{FAE04EC0-301F-11D3-BF4B-00C04F79EFBC}") = "Infraestructure", "Infraestructure\Infraestructure.csproj", "{F5EA0C89-75DC-4608-A941-59C85FFF8EF8}"
EndProject
Global
	GlobalSection(SolutionConfigurationPlatforms) = preSolution
		Debug|Any CPU = Debug|Any CPU
		Release|Any CPU = Release|Any CPU
	EndGlobalSection
	GlobalSection(ProjectConfigurationPlatforms) = postSolution
		{40A46E2B-205A-408B-BEB5-45D18B6B28DC}.Debug|Any CPU.ActiveCfg = Debug|Any CPU
		{40A46E2B-205A-408B-BEB5-45D18B6B28DC}.Debug|Any CPU.Build.0 = Debug|Any CPU
		{40A46E2B-205A-408B-BEB5-45D18B6B28DC}.Release|Any CPU.ActiveCfg = Release|Any CPU
		{40A46E2B-205A-408B-BEB5-45D18B6B28DC}.Release|Any CPU.Build.0 = Release|Any CPU
		{876141D0-D211-46A0-9A95-13E8B60EB741}.Debug|Any CPU.ActiveCfg = Debug|Any CPU
		{876141D0-D211-46A0-9A95-13E8B60EB741}.Debug|Any CPU.Build.0 = Debug|Any CPU
		{876141D0-D211-46A0-9A95-13E8B60EB741}.Release|Any CPU.ActiveCfg = Release|Any CPU
		{876141D0-D211-46A0-9A95-13E8B60EB741}.Release|Any CPU.Build.0 = Release|Any CPU
		{91AAE3FB-2CCB-405C-8D95-FD83267D4D38}.Debug|Any CPU.ActiveCfg = Debug|Any CPU
		{91AAE3FB-2CCB-405C-8D95-FD83267D4D38}.Debug|Any CPU.Build.0 = Debug|Any CPU
		{91AAE3FB-2CCB-405C-8D95-FD83267D4D38}.Release|Any CPU.ActiveCfg = Release|Any CPU
		{91AAE3FB-2CCB-405C-8D95-FD83267D4D38}.Release|Any CPU.Build.0 = Release|Any CPU
		{F5EA0C89-75DC-4608-A941-59C85FFF8EF8}.Debug|Any CPU.ActiveCfg = Debug|Any CPU
		{F5EA0C89-75DC-4608-A941-59C85FFF8EF8}.Debug|Any CPU.Build.0 = Debug|Any CPU
		{F5EA0C89-75DC-4608-A941-59C85FFF8EF8}.Release|Any CPU.ActiveCfg = Release|Any CPU
		{F5EA0C89-75DC-4608-A941-59C85FFF8EF8}.Release|Any CPU.Build.0 = Release|Any CPU
	EndGlobalSection
	GlobalSection(SolutionProperties) = preSolution
		HideSolutionNode = FALSE
	EndGlobalSection
	GlobalSection(NestedProjects) = preSolution
		{A08ACD2D-6EE4-4E29-8946-DBC65F5EAD23} = {93197E6F-3665-479D-B35F-717BA02004CC}
		{40A46E2B-205A-408B-BEB5-45D18B6B28DC} = {A08ACD2D-6EE4-4E29-8946-DBC65F5EAD23}
		{876141D0-D211-46A0-9A95-13E8B60EB741} = {A08ACD2D-6EE4-4E29-8946-DBC65F5EAD23}
		{0C3D9540-34F4-490E-856C-B1FE48BD1588} = {93197E6F-3665-479D-B35F-717BA02004CC}
		{91AAE3FB-2CCB-405C-8D95-FD83267D4D38} = {0C3D9540-34F4-490E-856C-B1FE48BD1588}
		{F5EA0C89-75DC-4608-A941-59C85FFF8EF8} = {93197E6F-3665-479D-B35F-717BA02004CC}
	EndGlobalSection
	GlobalSection(ExtensibilityGlobals) = postSolution
		SolutionGuid = {C444A492-0131-4C92-824C-5F98C2EF1DAE}
	EndGlobalSection
EndGlobal
